
Microsoft Visual Studio Solution File, Format Version 12.00
# Visual Studio Version 17
VisualStudioVersion = 17.9.34723.18
MinimumVisualStudioVersion = 10.0.40219.1
Project("{FAE04EC0-301F-11D3-BF4B-00C04F79EFBC}") = "ClassWork_4", "ClassWork_4\ClassWork_4.csproj", "{C320445D-A19F-47B6-8041-29B7E3BC8F9F}"
EndProject
Project("{FAE04EC0-301F-11D3-BF4B-00C04F79EFBC}") = "Biblioteka_4", "Biblioteka_4\Biblioteka_4.csproj", "{869514C3-3201-4E03-9878-3F5F9F3F3B25}"
EndProject
Global
	GlobalSection(SolutionConfigurationPlatforms) = preSolution
		Debug|Any CPU = Debug|Any CPU
		Release|Any CPU = Release|Any CPU
	EndGlobalSection
	GlobalSection(ProjectConfigurationPlatforms) = postSolution
		{C320445D-A19F-47B6-8041-29B7E3BC8F9F}.Debug|Any CPU.ActiveCfg = Debug|Any CPU
		{C320445D-A19F-47B6-8041-29B7E3BC8F9F}.Debug|Any CPU.Build.0 = Debug|Any CPU
		{C320445D-A19F-47B6-8041-29B7E3BC8F9F}.Release|Any CPU.ActiveCfg = Release|Any CPU
		{C320445D-A19F-47B6-8041-29B7E3BC8F9F}.Release|Any CPU.Build.0 = Release|Any CPU
		{869514C3-3201-4E03-9878-3F5F9F3F3B25}.Debug|Any CPU.ActiveCfg = Debug|Any CPU
		{869514C3-3201-4E03-9878-3F5F9F3F3B25}.Debug|Any CPU.Build.0 = Debug|Any CPU
		{869514C3-3201-4E03-9878-3F5F9F3F3B25}.Release|Any CPU.ActiveCfg = Release|Any CPU
		{869514C3-3201-4E03-9878-3F5F9F3F3B25}.Release|Any CPU.Build.0 = Release|Any CPU
	EndGlobalSection
	GlobalSection(SolutionProperties) = preSolution
		HideSolutionNode = FALSE
	EndGlobalSection
	GlobalSection(ExtensibilityGlobals) = postSolution
		SolutionGuid = {D02B7403-3C0B-4291-82C5-23D358B935ED}
	EndGlobalSection
EndGlobal
